
Microsoft Visual Studio Solution File, Format Version 12.00
# Visual Studio Version 17
VisualStudioVersion = 17.7.34221.43
MinimumVisualStudioVersion = 10.0.40219.1
Project("{FAE04EC0-301F-11D3-BF4B-00C04F79EFBC}") = "RetselGames", "RetselGames\RetselGames.csproj", "{8FF3D68E-881F-4F91-A2AA-50FA7E26EC4B}"
EndProject
Project("{FAE04EC0-301F-11D3-BF4B-00C04F79EFBC}") = "RetselGames.Entity", "RetselGames.Entity\RetselGames.Entity.csproj", "{D973BCF4-DBA1-4998-B47A-CF4D54EAC1A8}"
EndProject
Project("{FAE04EC0-301F-11D3-BF4B-00C04F79EFBC}") = "RetselGames.Core", "RetselGames.Core\RetselGames.Core.csproj", "{45DB3FD8-4FB9-44AA-860E-AEB4A8129E2C}"
EndProject
Project("{FAE04EC0-301F-11D3-BF4B-00C04F79EFBC}") = "RetselGames.Data", "RetselGames.Data\RetselGames.Data.csproj", "{B07A603A-287C-488F-A4B3-53F618A5BCB4}"
EndProject
Project("{FAE04EC0-301F-11D3-BF4B-00C04F79EFBC}") = "RetselGames.Service", "RetselGames.Service\RetselGames.Service.csproj", "{A421F641-2572-46B4-AF88-D70F2F078513}"
EndProject
Global
	GlobalSection(SolutionConfigurationPlatforms) = preSolution
		Debug|Any CPU = Debug|Any CPU
		Release|Any CPU = Release|Any CPU
	EndGlobalSection
	GlobalSection(ProjectConfigurationPlatforms) = postSolution
		{8FF3D68E-881F-4F91-A2AA-50FA7E26EC4B}.Debug|Any CPU.ActiveCfg = Debug|Any CPU
		{8FF3D68E-881F-4F91-A2AA-50FA7E26EC4B}.Debug|Any CPU.Build.0 = Debug|Any CPU
		{8FF3D68E-881F-4F91-A2AA-50FA7E26EC4B}.Release|Any CPU.ActiveCfg = Release|Any CPU
		{8FF3D68E-881F-4F91-A2AA-50FA7E26EC4B}.Release|Any CPU.Build.0 = Release|Any CPU
		{D973BCF4-DBA1-4998-B47A-CF4D54EAC1A8}.Debug|Any CPU.ActiveCfg = Debug|Any CPU
		{D973BCF4-DBA1-4998-B47A-CF4D54EAC1A8}.Debug|Any CPU.Build.0 = Debug|Any CPU
		{D973BCF4-DBA1-4998-B47A-CF4D54EAC1A8}.Release|Any CPU.ActiveCfg = Release|Any CPU
		{D973BCF4-DBA1-4998-B47A-CF4D54EAC1A8}.Release|Any CPU.Build.0 = Release|Any CPU
		{45DB3FD8-4FB9-44AA-860E-AEB4A8129E2C}.Debug|Any CPU.ActiveCfg = Debug|Any CPU
		{45DB3FD8-4FB9-44AA-860E-AEB4A8129E2C}.Debug|Any CPU.Build.0 = Debug|Any CPU
		{45DB3FD8-4FB9-44AA-860E-AEB4A8129E2C}.Release|Any CPU.ActiveCfg = Release|Any CPU
		{45DB3FD8-4FB9-44AA-860E-AEB4A8129E2C}.Release|Any CPU.Build.0 = Release|Any CPU
		{B07A603A-287C-488F-A4B3-53F618A5BCB4}.Debug|Any CPU.ActiveCfg = Debug|Any CPU
		{B07A603A-287C-488F-A4B3-53F618A5BCB4}.Debug|Any CPU.Build.0 = Debug|Any CPU
		{B07A603A-287C-488F-A4B3-53F618A5BCB4}.Release|Any CPU.ActiveCfg = Release|Any CPU
		{B07A603A-287C-488F-A4B3-53F618A5BCB4}.Release|Any CPU.Build.0 = Release|Any CPU
		{A421F641-2572-46B4-AF88-D70F2F078513}.Debug|Any CPU.ActiveCfg = Debug|Any CPU
		{A421F641-2572-46B4-AF88-D70F2F078513}.Debug|Any CPU.Build.0 = Debug|Any CPU
		{A421F641-2572-46B4-AF88-D70F2F078513}.Release|Any CPU.ActiveCfg = Release|Any CPU
		{A421F641-2572-46B4-AF88-D70F2F078513}.Release|Any CPU.Build.0 = Release|Any CPU
	EndGlobalSection
	GlobalSection(SolutionProperties) = preSolution
		HideSolutionNode = FALSE
	EndGlobalSection
	GlobalSection(ExtensibilityGlobals) = postSolution
		SolutionGuid = {A417DB20-C57A-4B70-8556-7C4F23C12979}
	EndGlobalSection
EndGlobal
